
Microsoft Visual Studio Solution File, Format Version 12.00
# Visual Studio Version 17
VisualStudioVersion = 17.7.34031.279
MinimumVisualStudioVersion = 10.0.40219.1
Project("{9A19103F-16F7-4668-BE54-9A1E7A4F7556}") = "WinFormsApp1", "WinFormsApp1.csproj", "{AD56A1B8-4BDF-44E6-B684-880F455AC3C9}"
EndProject
Global
	GlobalSection(SolutionConfigurationPlatforms) = preSolution
		Debug|Any CPU = Debug|Any CPU
		Release|Any CPU = Release|Any CPU
	EndGlobalSection
	GlobalSection(ProjectConfigurationPlatforms) = postSolution
		{AD56A1B8-4BDF-44E6-B684-880F455AC3C9}.Debug|Any CPU.ActiveCfg = Debug|Any CPU
		{AD56A1B8-4BDF-44E6-B684-880F455AC3C9}.Debug|Any CPU.Build.0 = Debug|Any CPU
		{AD56A1B8-4BDF-44E6-B684-880F455AC3C9}.Release|Any CPU.ActiveCfg = Release|Any CPU
		{AD56A1B8-4BDF-44E6-B684-880F455AC3C9}.Release|Any CPU.Build.0 = Release|Any CPU
	EndGlobalSection
	GlobalSection(SolutionProperties) = preSolution
		HideSolutionNode = FALSE
	EndGlobalSection
	GlobalSection(ExtensibilityGlobals) = postSolution
		SolutionGuid = {4D6A770E-3A1D-40FC-930B-CE83E37DB69C}
	EndGlobalSection
EndGlobal
